
Microsoft Visual Studio Solution File, Format Version 12.00
# Visual Studio Version 17
VisualStudioVersion = 17.11.35312.102
MinimumVisualStudioVersion = 10.0.40219.1
Project("{9A19103F-16F7-4668-BE54-9A1E7A4F7556}") = "RecipeManager", "RecipeManager.csproj", "{604DC922-EF12-4350-B543-1CD7A0F25931}"
EndProject
Global
	GlobalSection(SolutionConfigurationPlatforms) = preSolution
		Debug|Any CPU = Debug|Any CPU
		Release|Any CPU = Release|Any CPU
	EndGlobalSection
	GlobalSection(ProjectConfigurationPlatforms) = postSolution
		{604DC922-EF12-4350-B543-1CD7A0F25931}.Debug|Any CPU.ActiveCfg = Debug|Any CPU
		{604DC922-EF12-4350-B543-1CD7A0F25931}.Debug|Any CPU.Build.0 = Debug|Any CPU
		{604DC922-EF12-4350-B543-1CD7A0F25931}.Release|Any CPU.ActiveCfg = Release|Any CPU
		{604DC922-EF12-4350-B543-1CD7A0F25931}.Release|Any CPU.Build.0 = Release|Any CPU
	EndGlobalSection
	GlobalSection(SolutionProperties) = preSolution
		HideSolutionNode = FALSE
	EndGlobalSection
	GlobalSection(ExtensibilityGlobals) = postSolution
		SolutionGuid = {73B7799E-7622-455F-9B4A-5FA11D484725}
	EndGlobalSection
EndGlobal
